
Microsoft Visual Studio Solution File, Format Version 12.00
# Visual Studio Version 16
VisualStudioVersion = 16.0.30002.166
MinimumVisualStudioVersion = 10.0.40219.1
Project("{FAE04EC0-301F-11D3-BF4B-00C04F79EFBC}") = "typingSpeed", "typingSpeed.csproj", "{0C5BB060-6852-41F2-A952-EDFBBE8F0FCB}"
EndProject
Global
	GlobalSection(SolutionConfigurationPlatforms) = preSolution
		Debug|Any CPU = Debug|Any CPU
		Release|Any CPU = Release|Any CPU
	EndGlobalSection
	GlobalSection(ProjectConfigurationPlatforms) = postSolution
		{0C5BB060-6852-41F2-A952-EDFBBE8F0FCB}.Debug|Any CPU.ActiveCfg = Debug|Any CPU
		{0C5BB060-6852-41F2-A952-EDFBBE8F0FCB}.Debug|Any CPU.Build.0 = Debug|Any CPU
		{0C5BB060-6852-41F2-A952-EDFBBE8F0FCB}.Release|Any CPU.ActiveCfg = Release|Any CPU
		{0C5BB060-6852-41F2-A952-EDFBBE8F0FCB}.Release|Any CPU.Build.0 = Release|Any CPU
	EndGlobalSection
	GlobalSection(SolutionProperties) = preSolution
		HideSolutionNode = FALSE
	EndGlobalSection
	GlobalSection(ExtensibilityGlobals) = postSolution
		SolutionGuid = {F63FC2DA-591D-4290-ADB9-3EC386B7D7B4}
	EndGlobalSection
EndGlobal
